// !$*UTF8*$!
{
	archiveVersion = 1;
	classes = {
	};
	objectVersion = 46;
	objects = {

/* Begin PBXBuildFile section */
		B98249C41B17A441003B0DC6 /* main.cpp in Sources */ = {isa = PBXBuildFile; fileRef = B98249C31B17A441003B0DC6 /* main.cpp */; };
		B98249DA1B17A45E003B0DC6 /* moves.cpp in Sources */ = {isa = PBXBuildFile; fileRef = B98249CE1B17A45E003B0DC6 /* moves.cpp */; };
		B98249DB1B17A45E003B0DC6 /* path.cpp in Sources */ = {isa = PBXBuildFile; fileRef = B98249D01B17A45E003B0DC6 /* path.cpp */; };
		B98249DC1B17A45E003B0DC6 /* pimc.cpp in Sources */ = {isa = PBXBuildFile; fileRef = B98249D21B17A45E003B0DC6 /* pimc.cpp */; };
		B98249DD1B17A45E003B0DC6 /* potentials.cpp in Sources */ = {isa = PBXBuildFile; fileRef = B98249D41B17A45E003B0DC6 /* potentials.cpp */; };
		B98249DE1B17A45E003B0DC6 /* utility.cpp in Sources */ = {isa = PBXBuildFile; fileRef = B98249D61B17A45E003B0DC6 /* utility.cpp */; };
		B9D607CA1BEE82C5008DC784 /* tables.cpp in Sources */ = {isa = PBXBuildFile; fileRef = B9D607C81BEE82C5008DC784 /* tables.cpp */; settings = {ASSET_TAGS = (); }; };
		B9D607CD1BF14A62008DC784 /* IO.cpp in Sources */ = {isa = PBXBuildFile; fileRef = B9D607CB1BF14A62008DC784 /* IO.cpp */; settings = {ASSET_TAGS = (); }; };
		B9E526241BF39DA100768B84 /* libmpi_cxx.1.dylib in Frameworks */ = {isa = PBXBuildFile; fileRef = B9E526221BF39DA100768B84 /* libmpi_cxx.1.dylib */; };
		B9E526251BF39DA100768B84 /* libmpi.1.dylib in Frameworks */ = {isa = PBXBuildFile; fileRef = B9E526231BF39DA100768B84 /* libmpi.1.dylib */; };
/* End PBXBuildFile section */

/* Begin PBXCopyFilesBuildPhase section */
		B98249BE1B17A441003B0DC6 /* Copy Files */ = {
			isa = PBXCopyFilesBuildPhase;
			buildActionMask = 2147483647;
			dstPath = /usr/share/man/man1/;
			dstSubfolderSpec = 0;
			files = (
			);
			name = "Copy Files";
			runOnlyForDeploymentPostprocessing = 1;
		};
/* End PBXCopyFilesBuildPhase section */

/* Begin PBXFileReference section */
		B98249C01B17A441003B0DC6 /* BEC-monopoles */ = {isa = PBXFileReference; explicitFileType = "compiled.mach-o.executable"; includeInIndex = 0; path = "BEC-monopoles"; sourceTree = BUILT_PRODUCTS_DIR; };
		B98249C31B17A441003B0DC6 /* main.cpp */ = {isa = PBXFileReference; lastKnownFileType = sourcecode.cpp.cpp; path = main.cpp; sourceTree = "<group>"; };
		B98249CE1B17A45E003B0DC6 /* moves.cpp */ = {isa = PBXFileReference; fileEncoding = 4; lastKnownFileType = sourcecode.cpp.cpp; path = moves.cpp; sourceTree = "<group>"; };
		B98249CF1B17A45E003B0DC6 /* moves.h */ = {isa = PBXFileReference; fileEncoding = 4; lastKnownFileType = sourcecode.c.h; path = moves.h; sourceTree = "<group>"; };
		B98249D01B17A45E003B0DC6 /* path.cpp */ = {isa = PBXFileReference; fileEncoding = 4; lastKnownFileType = sourcecode.cpp.cpp; path = path.cpp; sourceTree = "<group>"; };
		B98249D11B17A45E003B0DC6 /* path.h */ = {isa = PBXFileReference; fileEncoding = 4; lastKnownFileType = sourcecode.c.h; path = path.h; sourceTree = "<group>"; };
		B98249D21B17A45E003B0DC6 /* pimc.cpp */ = {isa = PBXFileReference; fileEncoding = 4; lastKnownFileType = sourcecode.cpp.cpp; path = pimc.cpp; sourceTree = "<group>"; };
		B98249D41B17A45E003B0DC6 /* potentials.cpp */ = {isa = PBXFileReference; fileEncoding = 4; lastKnownFileType = sourcecode.cpp.cpp; path = potentials.cpp; sourceTree = "<group>"; };
		B98249D51B17A45E003B0DC6 /* potentials.h */ = {isa = PBXFileReference; fileEncoding = 4; lastKnownFileType = sourcecode.c.h; path = potentials.h; sourceTree = "<group>"; };
		B98249D61B17A45E003B0DC6 /* utility.cpp */ = {isa = PBXFileReference; fileEncoding = 4; lastKnownFileType = sourcecode.cpp.cpp; path = utility.cpp; sourceTree = "<group>"; };
		B98249D71B17A45E003B0DC6 /* utility.h */ = {isa = PBXFileReference; fileEncoding = 4; lastKnownFileType = sourcecode.c.h; path = utility.h; sourceTree = "<group>"; };
		B98249E01B18CACB003B0DC6 /* parameters.h */ = {isa = PBXFileReference; fileEncoding = 4; lastKnownFileType = sourcecode.c.h; path = parameters.h; sourceTree = "<group>"; xcLanguageSpecificationIdentifier = xcode.lang.objcpp; };
		B9A483A41B28CCC1005FFE8B /* uni_header.h */ = {isa = PBXFileReference; lastKnownFileType = sourcecode.c.h; path = uni_header.h; sourceTree = "<group>"; };
		B9B041F01B25F95A0005E355 /* pimc.h */ = {isa = PBXFileReference; lastKnownFileType = sourcecode.c.h; path = pimc.h; sourceTree = "<group>"; };
		B9C40F801B26364A007A41BD /* container.h */ = {isa = PBXFileReference; lastKnownFileType = sourcecode.c.h; path = container.h; sourceTree = "<group>"; };
		B9D607C81BEE82C5008DC784 /* tables.cpp */ = {isa = PBXFileReference; fileEncoding = 4; lastKnownFileType = sourcecode.cpp.cpp; path = tables.cpp; sourceTree = "<group>"; };
		B9D607C91BEE82C5008DC784 /* tables.hpp */ = {isa = PBXFileReference; fileEncoding = 4; lastKnownFileType = sourcecode.cpp.h; path = tables.hpp; sourceTree = "<group>"; };
		B9D607CB1BF14A62008DC784 /* IO.cpp */ = {isa = PBXFileReference; fileEncoding = 4; lastKnownFileType = sourcecode.cpp.cpp; path = IO.cpp; sourceTree = "<group>"; };
		B9D607CC1BF14A62008DC784 /* IO.hpp */ = {isa = PBXFileReference; fileEncoding = 4; lastKnownFileType = sourcecode.cpp.h; path = IO.hpp; sourceTree = "<group>"; };
		B9E526221BF39DA100768B84 /* libmpi_cxx.1.dylib */ = {isa = PBXFileReference; lastKnownFileType = "compiled.mach-o.dylib"; name = libmpi_cxx.1.dylib; path = "../../../../../../usr/local/Cellar/open-mpi/1.8.1/lib/libmpi_cxx.1.dylib"; sourceTree = "<group>"; };
		B9E526231BF39DA100768B84 /* libmpi.1.dylib */ = {isa = PBXFileReference; lastKnownFileType = "compiled.mach-o.dylib"; name = libmpi.1.dylib; path = "../../../../../../usr/local/Cellar/open-mpi/1.8.1/lib/libmpi.1.dylib"; sourceTree = "<group>"; };
/* End PBXFileReference section */

/* Begin PBXFrameworksBuildPhase section */
		B98249BD1B17A441003B0DC6 /* Frameworks */ = {
			isa = PBXFrameworksBuildPhase;
			buildActionMask = 2147483647;
			files = (
				B9E526241BF39DA100768B84 /* libmpi_cxx.1.dylib in Frameworks */,
				B9E526251BF39DA100768B84 /* libmpi.1.dylib in Frameworks */,
			);
			runOnlyForDeploymentPostprocessing = 0;
		};
/* End PBXFrameworksBuildPhase section */

/* Begin PBXGroup section */
		B98249B71B17A441003B0DC6 = {
			isa = PBXGroup;
			children = (
				B9E526221BF39DA100768B84 /* libmpi_cxx.1.dylib */,
				B9E526231BF39DA100768B84 /* libmpi.1.dylib */,
				B98249C21B17A441003B0DC6 /* BEC-monopoles */,
				B98249C11B17A441003B0DC6 /* Products */,
			);
			sourceTree = "<group>";
		};
		B98249C11B17A441003B0DC6 /* Products */ = {
			isa = PBXGroup;
			children = (
				B98249C01B17A441003B0DC6 /* BEC-monopoles */,
			);
			name = Products;
			sourceTree = "<group>";
		};
		B98249C21B17A441003B0DC6 /* BEC-monopoles */ = {
			isa = PBXGroup;
			children = (
				B98249C31B17A441003B0DC6 /* main.cpp */,
				B98249E01B18CACB003B0DC6 /* parameters.h */,
				B98249D21B17A45E003B0DC6 /* pimc.cpp */,
				B9B041F01B25F95A0005E355 /* pimc.h */,
				B98249D01B17A45E003B0DC6 /* path.cpp */,
				B98249D11B17A45E003B0DC6 /* path.h */,
				B98249CE1B17A45E003B0DC6 /* moves.cpp */,
				B98249CF1B17A45E003B0DC6 /* moves.h */,
				B9D607C81BEE82C5008DC784 /* tables.cpp */,
				B9D607C91BEE82C5008DC784 /* tables.hpp */,
				B98249D41B17A45E003B0DC6 /* potentials.cpp */,
				B98249D51B17A45E003B0DC6 /* potentials.h */,
				B9C40F801B26364A007A41BD /* container.h */,
				B98249D61B17A45E003B0DC6 /* utility.cpp */,
				B98249D71B17A45E003B0DC6 /* utility.h */,
				B9A483A41B28CCC1005FFE8B /* uni_header.h */,
				B9D607CB1BF14A62008DC784 /* IO.cpp */,
				B9D607CC1BF14A62008DC784 /* IO.hpp */,
			);
			path = "BEC-monopoles";
			sourceTree = "<group>";
		};
/* End PBXGroup section */

/* Begin PBXNativeTarget section */
		B98249BF1B17A441003B0DC6 /* BEC-monopoles */ = {
			isa = PBXNativeTarget;
			buildConfigurationList = B98249C71B17A441003B0DC6 /* Build configuration list for PBXNativeTarget "BEC-monopoles" */;
			buildPhases = (
				B98249BC1B17A441003B0DC6 /* Sources */,
				B98249BD1B17A441003B0DC6 /* Frameworks */,
				B98249BE1B17A441003B0DC6 /* Copy Files */,
			);
			buildRules = (
			);
			dependencies = (
			);
			name = "BEC-monopoles";
			productName = "BEC-monopoles";
			productReference = B98249C01B17A441003B0DC6 /* BEC-monopoles */;
			productType = "com.apple.product-type.tool";
		};
/* End PBXNativeTarget section */

/* Begin PBXProject section */
		B98249B81B17A441003B0DC6 /* Project object */ = {
			isa = PBXProject;
			attributes = {
				LastUpgradeCheck = 0630;
				ORGANIZATIONNAME = "Adith Ramamurti";
				TargetAttributes = {
					B98249BF1B17A441003B0DC6 = {
						CreatedOnToolsVersion = 6.3.1;
					};
				};
			};
			buildConfigurationList = B98249BB1B17A441003B0DC6 /* Build configuration list for PBXProject "BEC-monopoles" */;
			compatibilityVersion = "Xcode 3.2";
			developmentRegion = English;
			hasScannedForEncodings = 0;
			knownRegions = (
				en,
			);
			mainGroup = B98249B71B17A441003B0DC6;
			productRefGroup = B98249C11B17A441003B0DC6 /* Products */;
			projectDirPath = "";
			projectRoot = "";
			targets = (
				B98249BF1B17A441003B0DC6 /* BEC-monopoles */,
			);
		};
/* End PBXProject section */

/* Begin PBXSourcesBuildPhase section */
		B98249BC1B17A441003B0DC6 /* Sources */ = {
			isa = PBXSourcesBuildPhase;
			buildActionMask = 2147483647;
			files = (
				B98249DE1B17A45E003B0DC6 /* utility.cpp in Sources */,
				B9D607CA1BEE82C5008DC784 /* tables.cpp in Sources */,
				B98249DA1B17A45E003B0DC6 /* moves.cpp in Sources */,
				B98249C41B17A441003B0DC6 /* main.cpp in Sources */,
				B98249DC1B17A45E003B0DC6 /* pimc.cpp in Sources */,
				B98249DB1B17A45E003B0DC6 /* path.cpp in Sources */,
				B98249DD1B17A45E003B0DC6 /* potentials.cpp in Sources */,
				B9D607CD1BF14A62008DC784 /* IO.cpp in Sources */,
			);
			runOnlyForDeploymentPostprocessing = 0;
		};
/* End PBXSourcesBuildPhase section */

/* Begin XCBuildConfiguration section */
		B98249C51B17A441003B0DC6 /* Debug */ = {
			isa = XCBuildConfiguration;
			buildSettings = {
				ALWAYS_SEARCH_USER_PATHS = NO;
				CLANG_CXX_LANGUAGE_STANDARD = "c++0x";
				CLANG_CXX_LIBRARY = "libstdc++";
				CLANG_ENABLE_MODULES = YES;
				CLANG_ENABLE_OBJC_ARC = YES;
				CLANG_WARN_BOOL_CONVERSION = YES;
				CLANG_WARN_CONSTANT_CONVERSION = YES;
				CLANG_WARN_DIRECT_OBJC_ISA_USAGE = YES_ERROR;
				CLANG_WARN_EMPTY_BODY = YES;
				CLANG_WARN_ENUM_CONVERSION = YES;
				CLANG_WARN_INT_CONVERSION = YES;
				CLANG_WARN_OBJC_ROOT_CLASS = YES_ERROR;
				CLANG_WARN_UNREACHABLE_CODE = YES;
				CLANG_WARN__DUPLICATE_METHOD_MATCH = YES;
				COPY_PHASE_STRIP = NO;
				DEBUG_INFORMATION_FORMAT = dwarf;
				ENABLE_STRICT_OBJC_MSGSEND = YES;
				GCC_C_LANGUAGE_STANDARD = ansi;
				GCC_DYNAMIC_NO_PIC = NO;
				GCC_NO_COMMON_BLOCKS = YES;
				GCC_OPTIMIZATION_LEVEL = 0;
				GCC_PREPROCESSOR_DEFINITIONS = (
					"DEBUG=1",
					"$(inherited)",
				);
				GCC_SYMBOLS_PRIVATE_EXTERN = NO;
				GCC_WARN_64_TO_32_BIT_CONVERSION = YES;
				GCC_WARN_ABOUT_RETURN_TYPE = YES_ERROR;
				GCC_WARN_UNDECLARED_SELECTOR = YES;
				GCC_WARN_UNINITIALIZED_AUTOS = YES_AGGRESSIVE;
				GCC_WARN_UNUSED_FUNCTION = YES;
				GCC_WARN_UNUSED_VARIABLE = YES;
				MACOSX_DEPLOYMENT_TARGET = 10.10;
				MTL_ENABLE_DEBUG_INFO = YES;
				ONLY_ACTIVE_ARCH = YES;
				SDKROOT = macosx;
			};
			name = Debug;
		};
		B98249C61B17A441003B0DC6 /* Release */ = {
			isa = XCBuildConfiguration;
			buildSettings = {
				ALWAYS_SEARCH_USER_PATHS = NO;
				CLANG_CXX_LANGUAGE_STANDARD = "c++0x";
				CLANG_CXX_LIBRARY = "libstdc++";
				CLANG_ENABLE_MODULES = YES;
				CLANG_ENABLE_OBJC_ARC = YES;
				CLANG_WARN_BOOL_CONVERSION = YES;
				CLANG_WARN_CONSTANT_CONVERSION = YES;
				CLANG_WARN_DIRECT_OBJC_ISA_USAGE = YES_ERROR;
				CLANG_WARN_EMPTY_BODY = YES;
				CLANG_WARN_ENUM_CONVERSION = YES;
				CLANG_WARN_INT_CONVERSION = YES;
				CLANG_WARN_OBJC_ROOT_CLASS = YES_ERROR;
				CLANG_WARN_UNREACHABLE_CODE = YES;
				CLANG_WARN__DUPLICATE_METHOD_MATCH = YES;
				COPY_PHASE_STRIP = NO;
				DEBUG_INFORMATION_FORMAT = "dwarf-with-dsym";
				ENABLE_NS_ASSERTIONS = NO;
				ENABLE_STRICT_OBJC_MSGSEND = YES;
				GCC_C_LANGUAGE_STANDARD = ansi;
				GCC_NO_COMMON_BLOCKS = YES;
				GCC_WARN_64_TO_32_BIT_CONVERSION = YES;
				GCC_WARN_ABOUT_RETURN_TYPE = YES_ERROR;
				GCC_WARN_UNDECLARED_SELECTOR = YES;
				GCC_WARN_UNINITIALIZED_AUTOS = YES_AGGRESSIVE;
				GCC_WARN_UNUSED_FUNCTION = YES;
				GCC_WARN_UNUSED_VARIABLE = YES;
				MACOSX_DEPLOYMENT_TARGET = 10.10;
				MTL_ENABLE_DEBUG_INFO = NO;
				SDKROOT = macosx;
			};
			name = Release;
		};
		B98249C81B17A441003B0DC6 /* Debug */ = {
			isa = XCBuildConfiguration;
			buildSettings = {
				HEADER_SEARCH_PATHS = (
					"$(inherited)",
					/Applications/Xcode.app/Contents/Developer/Toolchains/XcodeDefault.xctoolchain/usr/include,
					/usr/local/include/,
				);
				LIBRARY_SEARCH_PATHS = "/usr/local/Cellar/open-mpi/1.8.1/lib";
				"LIBRARY_SEARCH_PATHS[arch=*]" = /usr/local/lib/;
				OTHER_LDFLAGS = "";
				"OTHER_LDFLAGS[arch=*]" = (
					"-lgslcblas",
					"-lgsl",
					"-lmpi",
					"-lm",
					"-lboost_system",
				);
				PRODUCT_NAME = "$(TARGET_NAME)";
			};
			name = Debug;
		};
		B98249C91B17A441003B0DC6 /* Release */ = {
			isa = XCBuildConfiguration;
			buildSettings = {
				HEADER_SEARCH_PATHS = (
					"$(inherited)",
					/Applications/Xcode.app/Contents/Developer/Toolchains/XcodeDefault.xctoolchain/usr/include,
					/usr/local/include/,
				);
				LIBRARY_SEARCH_PATHS = "/usr/local/Cellar/open-mpi/1.8.1/lib";
				"LIBRARY_SEARCH_PATHS[arch=*]" = /usr/local/lib/;
				OTHER_LDFLAGS = "";
				"OTHER_LDFLAGS[arch=*]" = (
					"-lgslcblas",
					"-lgsl",
					"-lmpi",
					"-lm",
					"-lboost_system",
				);
				PRODUCT_NAME = "$(TARGET_NAME)";
			};
			name = Release;
		};
/* End XCBuildConfiguration section */

/* Begin XCConfigurationList section */
		B98249BB1B17A441003B0DC6 /* Build configuration list for PBXProject "BEC-monopoles" */ = {
			isa = XCConfigurationList;
			buildConfigurations = (
				B98249C51B17A441003B0DC6 /* Debug */,
				B98249C61B17A441003B0DC6 /* Release */,
			);
			defaultConfigurationIsVisible = 0;
			defaultConfigurationName = Release;
		};
		B98249C71B17A441003B0DC6 /* Build configuration list for PBXNativeTarget "BEC-monopoles" */ = {
			isa = XCConfigurationList;
			buildConfigurations = (
				B98249C81B17A441003B0DC6 /* Debug */,
				B98249C91B17A441003B0DC6 /* Release */,
			);
			defaultConfigurationIsVisible = 0;
			defaultConfigurationName = Release;
		};
/* End XCConfigurationList section */
	};
	rootObject = B98249B81B17A441003B0DC6 /* Project object */;
}
