// !$*UTF8*$!
{
	archiveVersion = 1;
	classes = {
	};
	objectVersion = 46;
	objects = {

/* Begin PBXBuildFile section */
		B9477D6A1BF5553600A8CDB4 /* actions.cpp in Sources */ = {isa = PBXBuildFile; fileRef = B9477D551BF5553600A8CDB4 /* actions.cpp */; };
		B9477D6B1BF5553600A8CDB4 /* estimators.cpp in Sources */ = {isa = PBXBuildFile; fileRef = B9477D581BF5553600A8CDB4 /* estimators.cpp */; };
		B9477D6C1BF5553600A8CDB4 /* IO.cpp in Sources */ = {isa = PBXBuildFile; fileRef = B9477D5A1BF5553600A8CDB4 /* IO.cpp */; };
		B9477D6D1BF5553600A8CDB4 /* main.cpp in Sources */ = {isa = PBXBuildFile; fileRef = B9477D5C1BF5553600A8CDB4 /* main.cpp */; };
		B9477D6E1BF5553600A8CDB4 /* moves.cpp in Sources */ = {isa = PBXBuildFile; fileRef = B9477D5D1BF5553600A8CDB4 /* moves.cpp */; };
		B9477D6F1BF5553600A8CDB4 /* path.cpp in Sources */ = {isa = PBXBuildFile; fileRef = B9477D601BF5553600A8CDB4 /* path.cpp */; };
		B9477D701BF5553600A8CDB4 /* pimc.cpp in Sources */ = {isa = PBXBuildFile; fileRef = B9477D621BF5553600A8CDB4 /* pimc.cpp */; };
		B9477D711BF5553600A8CDB4 /* permtable.cpp in Sources */ = {isa = PBXBuildFile; fileRef = B9477D651BF5553600A8CDB4 /* permtable.cpp */; };
		B9477D721BF5553600A8CDB4 /* utility.cpp in Sources */ = {isa = PBXBuildFile; fileRef = B9477D681BF5553600A8CDB4 /* utility.cpp */; };
		B94D5CBA1C1E279100C81814 /* README.md in Sources */ = {isa = PBXBuildFile; fileRef = B94D5CB91C1E279100C81814 /* README.md */; };
/* End PBXBuildFile section */

/* Begin PBXCopyFilesBuildPhase section */
		B98249BE1B17A441003B0DC6 /* Copy Files */ = {
			isa = PBXCopyFilesBuildPhase;
			buildActionMask = 2147483647;
			dstPath = /usr/share/man/man1/;
			dstSubfolderSpec = 0;
			files = (
			);
			name = "Copy Files";
			runOnlyForDeploymentPostprocessing = 1;
		};
/* End PBXCopyFilesBuildPhase section */

/* Begin PBXFileReference section */
		B9477D551BF5553600A8CDB4 /* actions.cpp */ = {isa = PBXFileReference; fileEncoding = 4; lastKnownFileType = sourcecode.cpp.cpp; path = actions.cpp; sourceTree = "<group>"; };
		B9477D561BF5553600A8CDB4 /* actions.hpp */ = {isa = PBXFileReference; fileEncoding = 4; lastKnownFileType = sourcecode.cpp.h; path = actions.hpp; sourceTree = "<group>"; };
		B9477D571BF5553600A8CDB4 /* container.h */ = {isa = PBXFileReference; fileEncoding = 4; lastKnownFileType = sourcecode.c.h; path = container.h; sourceTree = "<group>"; };
		B9477D581BF5553600A8CDB4 /* estimators.cpp */ = {isa = PBXFileReference; fileEncoding = 4; lastKnownFileType = sourcecode.cpp.cpp; path = estimators.cpp; sourceTree = "<group>"; };
		B9477D591BF5553600A8CDB4 /* estimators.hpp */ = {isa = PBXFileReference; fileEncoding = 4; lastKnownFileType = sourcecode.cpp.h; path = estimators.hpp; sourceTree = "<group>"; };
		B9477D5A1BF5553600A8CDB4 /* IO.cpp */ = {isa = PBXFileReference; fileEncoding = 4; lastKnownFileType = sourcecode.cpp.cpp; path = IO.cpp; sourceTree = "<group>"; };
		B9477D5B1BF5553600A8CDB4 /* IO.hpp */ = {isa = PBXFileReference; fileEncoding = 4; lastKnownFileType = sourcecode.cpp.h; path = IO.hpp; sourceTree = "<group>"; };
		B9477D5C1BF5553600A8CDB4 /* main.cpp */ = {isa = PBXFileReference; fileEncoding = 4; lastKnownFileType = sourcecode.cpp.cpp; path = main.cpp; sourceTree = "<group>"; };
		B9477D5D1BF5553600A8CDB4 /* moves.cpp */ = {isa = PBXFileReference; fileEncoding = 4; lastKnownFileType = sourcecode.cpp.cpp; path = moves.cpp; sourceTree = "<group>"; };
		B9477D5E1BF5553600A8CDB4 /* moves.h */ = {isa = PBXFileReference; fileEncoding = 4; lastKnownFileType = sourcecode.c.h; path = moves.h; sourceTree = "<group>"; };
		B9477D5F1BF5553600A8CDB4 /* parameters.h */ = {isa = PBXFileReference; fileEncoding = 4; lastKnownFileType = sourcecode.c.h; path = parameters.h; sourceTree = "<group>"; };
		B9477D601BF5553600A8CDB4 /* path.cpp */ = {isa = PBXFileReference; fileEncoding = 4; lastKnownFileType = sourcecode.cpp.cpp; path = path.cpp; sourceTree = "<group>"; };
		B9477D611BF5553600A8CDB4 /* path.h */ = {isa = PBXFileReference; fileEncoding = 4; lastKnownFileType = sourcecode.c.h; path = path.h; sourceTree = "<group>"; };
		B9477D621BF5553600A8CDB4 /* pimc.cpp */ = {isa = PBXFileReference; fileEncoding = 4; lastKnownFileType = sourcecode.cpp.cpp; path = pimc.cpp; sourceTree = "<group>"; };
		B9477D631BF5553600A8CDB4 /* pimc.h */ = {isa = PBXFileReference; fileEncoding = 4; lastKnownFileType = sourcecode.c.h; path = pimc.h; sourceTree = "<group>"; };
		B9477D641BF5553600A8CDB4 /* potentials.h */ = {isa = PBXFileReference; fileEncoding = 4; lastKnownFileType = sourcecode.c.h; path = potentials.h; sourceTree = "<group>"; };
		B9477D651BF5553600A8CDB4 /* permtable.cpp */ = {isa = PBXFileReference; fileEncoding = 4; lastKnownFileType = sourcecode.cpp.cpp; path = permtable.cpp; sourceTree = "<group>"; };
		B9477D661BF5553600A8CDB4 /* permtable.hpp */ = {isa = PBXFileReference; fileEncoding = 4; lastKnownFileType = sourcecode.cpp.h; path = permtable.hpp; sourceTree = "<group>"; };
		B9477D671BF5553600A8CDB4 /* uni_header.h */ = {isa = PBXFileReference; fileEncoding = 4; lastKnownFileType = sourcecode.c.h; path = uni_header.h; sourceTree = "<group>"; };
		B9477D681BF5553600A8CDB4 /* utility.cpp */ = {isa = PBXFileReference; fileEncoding = 4; lastKnownFileType = sourcecode.cpp.cpp; path = utility.cpp; sourceTree = "<group>"; };
		B9477D691BF5553600A8CDB4 /* utility.h */ = {isa = PBXFileReference; fileEncoding = 4; lastKnownFileType = sourcecode.c.h; path = utility.h; sourceTree = "<group>"; };
		B94D5CB91C1E279100C81814 /* README.md */ = {isa = PBXFileReference; fileEncoding = 4; lastKnownFileType = net.daringfireball.markdown; path = README.md; sourceTree = "<group>"; };
		B9713B851BFAC83B0056CA61 /* lookuptable.hpp */ = {isa = PBXFileReference; fileEncoding = 4; lastKnownFileType = sourcecode.cpp.h; lineEnding = 0; path = lookuptable.hpp; sourceTree = "<group>"; xcLanguageSpecificationIdentifier = xcode.lang.cpp; };
		B98249C01B17A441003B0DC6 /* BEC-monopoles */ = {isa = PBXFileReference; explicitFileType = "compiled.mach-o.executable"; includeInIndex = 0; path = "BEC-monopoles"; sourceTree = BUILT_PRODUCTS_DIR; };
/* End PBXFileReference section */

/* Begin PBXFrameworksBuildPhase section */
		B98249BD1B17A441003B0DC6 /* Frameworks */ = {
			isa = PBXFrameworksBuildPhase;
			buildActionMask = 2147483647;
			files = (
			);
			runOnlyForDeploymentPostprocessing = 0;
		};
/* End PBXFrameworksBuildPhase section */

/* Begin PBXGroup section */
		B98249B71B17A441003B0DC6 = {
			isa = PBXGroup;
			children = (
				B98249C21B17A441003B0DC6 /* BEC-monopoles */,
				B98249C11B17A441003B0DC6 /* Products */,
			);
			sourceTree = "<group>";
		};
		B98249C11B17A441003B0DC6 /* Products */ = {
			isa = PBXGroup;
			children = (
				B98249C01B17A441003B0DC6 /* BEC-monopoles */,
			);
			name = Products;
			sourceTree = "<group>";
		};
		B98249C21B17A441003B0DC6 /* BEC-monopoles */ = {
			isa = PBXGroup;
			children = (
				B9477D5C1BF5553600A8CDB4 /* main.cpp */,
				B9477D5F1BF5553600A8CDB4 /* parameters.h */,
				B9477D621BF5553600A8CDB4 /* pimc.cpp */,
				B9477D631BF5553600A8CDB4 /* pimc.h */,
				B9477D601BF5553600A8CDB4 /* path.cpp */,
				B9477D611BF5553600A8CDB4 /* path.h */,
				B9477D551BF5553600A8CDB4 /* actions.cpp */,
				B9477D561BF5553600A8CDB4 /* actions.hpp */,
				B9477D571BF5553600A8CDB4 /* container.h */,
				B9477D581BF5553600A8CDB4 /* estimators.cpp */,
				B9477D591BF5553600A8CDB4 /* estimators.hpp */,
				B9477D5A1BF5553600A8CDB4 /* IO.cpp */,
				B9477D5B1BF5553600A8CDB4 /* IO.hpp */,
				B9477D5D1BF5553600A8CDB4 /* moves.cpp */,
				B9477D5E1BF5553600A8CDB4 /* moves.h */,
				B9477D641BF5553600A8CDB4 /* potentials.h */,
				B9477D651BF5553600A8CDB4 /* permtable.cpp */,
				B9477D661BF5553600A8CDB4 /* permtable.hpp */,
				B9713B851BFAC83B0056CA61 /* lookuptable.hpp */,
				B9477D681BF5553600A8CDB4 /* utility.cpp */,
				B9477D691BF5553600A8CDB4 /* utility.h */,
				B9477D671BF5553600A8CDB4 /* uni_header.h */,
				B94D5CB91C1E279100C81814 /* README.md */,
			);
			path = "BEC-monopoles";
			sourceTree = "<group>";
		};
/* End PBXGroup section */

/* Begin PBXNativeTarget section */
		B98249BF1B17A441003B0DC6 /* BEC-monopoles */ = {
			isa = PBXNativeTarget;
			buildConfigurationList = B98249C71B17A441003B0DC6 /* Build configuration list for PBXNativeTarget "BEC-monopoles" */;
			buildPhases = (
				B98249BC1B17A441003B0DC6 /* Sources */,
				B98249BD1B17A441003B0DC6 /* Frameworks */,
				B98249BE1B17A441003B0DC6 /* Copy Files */,
			);
			buildRules = (
			);
			dependencies = (
			);
			name = "BEC-monopoles";
			productName = "BEC-monopoles";
			productReference = B98249C01B17A441003B0DC6 /* BEC-monopoles */;
			productType = "com.apple.product-type.tool";
		};
/* End PBXNativeTarget section */

/* Begin PBXProject section */
		B98249B81B17A441003B0DC6 /* Project object */ = {
			isa = PBXProject;
			attributes = {
				LastUpgradeCheck = 0730;
				ORGANIZATIONNAME = "Adith Ramamurti";
				TargetAttributes = {
					B98249BF1B17A441003B0DC6 = {
						CreatedOnToolsVersion = 6.3.1;
					};
				};
			};
			buildConfigurationList = B98249BB1B17A441003B0DC6 /* Build configuration list for PBXProject "BEC-monopoles" */;
			compatibilityVersion = "Xcode 3.2";
			developmentRegion = English;
			hasScannedForEncodings = 0;
			knownRegions = (
				en,
			);
			mainGroup = B98249B71B17A441003B0DC6;
			productRefGroup = B98249C11B17A441003B0DC6 /* Products */;
			projectDirPath = "";
			projectRoot = "";
			targets = (
				B98249BF1B17A441003B0DC6 /* BEC-monopoles */,
			);
		};
/* End PBXProject section */

/* Begin PBXSourcesBuildPhase section */
		B98249BC1B17A441003B0DC6 /* Sources */ = {
			isa = PBXSourcesBuildPhase;
			buildActionMask = 2147483647;
			files = (
				B9477D721BF5553600A8CDB4 /* utility.cpp in Sources */,
				B9477D6B1BF5553600A8CDB4 /* estimators.cpp in Sources */,
				B94D5CBA1C1E279100C81814 /* README.md in Sources */,
				B9477D6E1BF5553600A8CDB4 /* moves.cpp in Sources */,
				B9477D701BF5553600A8CDB4 /* pimc.cpp in Sources */,
				B9477D6F1BF5553600A8CDB4 /* path.cpp in Sources */,
				B9477D6C1BF5553600A8CDB4 /* IO.cpp in Sources */,
				B9477D6D1BF5553600A8CDB4 /* main.cpp in Sources */,
				B9477D711BF5553600A8CDB4 /* permtable.cpp in Sources */,
				B9477D6A1BF5553600A8CDB4 /* actions.cpp in Sources */,
			);
			runOnlyForDeploymentPostprocessing = 0;
		};
/* End PBXSourcesBuildPhase section */

/* Begin XCBuildConfiguration section */
		B98249C51B17A441003B0DC6 /* Debug */ = {
			isa = XCBuildConfiguration;
			buildSettings = {
				ALWAYS_SEARCH_USER_PATHS = YES;
				CLANG_CXX_LANGUAGE_STANDARD = "gnu++0x";
				CLANG_CXX_LIBRARY = "libc++";
				CLANG_ENABLE_MODULES = YES;
				CLANG_ENABLE_OBJC_ARC = YES;
				CLANG_WARN_BOOL_CONVERSION = YES;
				CLANG_WARN_CONSTANT_CONVERSION = YES;
				CLANG_WARN_DIRECT_OBJC_ISA_USAGE = YES_ERROR;
				CLANG_WARN_EMPTY_BODY = YES;
				CLANG_WARN_ENUM_CONVERSION = YES;
				CLANG_WARN_INT_CONVERSION = YES;
				CLANG_WARN_OBJC_ROOT_CLASS = YES_ERROR;
				CLANG_WARN_UNREACHABLE_CODE = YES;
				CLANG_WARN__DUPLICATE_METHOD_MATCH = YES;
				COPY_PHASE_STRIP = NO;
				DEBUG_INFORMATION_FORMAT = dwarf;
				ENABLE_STRICT_OBJC_MSGSEND = YES;
				ENABLE_TESTABILITY = YES;
				GCC_C_LANGUAGE_STANDARD = ansi;
				GCC_DYNAMIC_NO_PIC = NO;
				GCC_NO_COMMON_BLOCKS = YES;
				GCC_OPTIMIZATION_LEVEL = 0;
				GCC_PREPROCESSOR_DEFINITIONS = (
					"DEBUG=1",
					"$(inherited)",
				);
				GCC_SYMBOLS_PRIVATE_EXTERN = NO;
				GCC_VERSION = "";
				GCC_WARN_64_TO_32_BIT_CONVERSION = YES;
				GCC_WARN_ABOUT_RETURN_TYPE = YES_ERROR;
				GCC_WARN_UNDECLARED_SELECTOR = YES;
				GCC_WARN_UNINITIALIZED_AUTOS = YES_AGGRESSIVE;
				GCC_WARN_UNUSED_FUNCTION = YES;
				GCC_WARN_UNUSED_VARIABLE = YES;
				HEADER_SEARCH_PATHS = /usr/local/include/;
				LIBRARY_SEARCH_PATHS = /usr/local/lib/;
				MACOSX_DEPLOYMENT_TARGET = 10.11;
				MTL_ENABLE_DEBUG_INFO = YES;
				ONLY_ACTIVE_ARCH = YES;
				OTHER_CPLUSPLUSFLAGS = "$(OTHER_CFLAGS)";
				OTHER_LDFLAGS = (
					"-lgsl",
					"-lgslcblas",
					"-lboost_system",
				);
				SDKROOT = macosx;
			};
			name = Debug;
		};
		B98249C61B17A441003B0DC6 /* Release */ = {
			isa = XCBuildConfiguration;
			buildSettings = {
				ALWAYS_SEARCH_USER_PATHS = YES;
				CLANG_CXX_LANGUAGE_STANDARD = "gnu++0x";
				CLANG_CXX_LIBRARY = "libc++";
				CLANG_ENABLE_MODULES = YES;
				CLANG_ENABLE_OBJC_ARC = YES;
				CLANG_WARN_BOOL_CONVERSION = YES;
				CLANG_WARN_CONSTANT_CONVERSION = YES;
				CLANG_WARN_DIRECT_OBJC_ISA_USAGE = YES_ERROR;
				CLANG_WARN_EMPTY_BODY = YES;
				CLANG_WARN_ENUM_CONVERSION = YES;
				CLANG_WARN_INT_CONVERSION = YES;
				CLANG_WARN_OBJC_ROOT_CLASS = YES_ERROR;
				CLANG_WARN_UNREACHABLE_CODE = YES;
				CLANG_WARN__DUPLICATE_METHOD_MATCH = YES;
				COPY_PHASE_STRIP = NO;
				DEBUG_INFORMATION_FORMAT = "dwarf-with-dsym";
				ENABLE_NS_ASSERTIONS = NO;
				ENABLE_STRICT_OBJC_MSGSEND = YES;
				GCC_C_LANGUAGE_STANDARD = ansi;
				GCC_NO_COMMON_BLOCKS = YES;
				GCC_VERSION = "";
				GCC_WARN_64_TO_32_BIT_CONVERSION = YES;
				GCC_WARN_ABOUT_RETURN_TYPE = YES_ERROR;
				GCC_WARN_UNDECLARED_SELECTOR = YES;
				GCC_WARN_UNINITIALIZED_AUTOS = YES_AGGRESSIVE;
				GCC_WARN_UNUSED_FUNCTION = YES;
				GCC_WARN_UNUSED_VARIABLE = YES;
				HEADER_SEARCH_PATHS = /usr/local/include/;
				LIBRARY_SEARCH_PATHS = /usr/local/lib/;
				MACOSX_DEPLOYMENT_TARGET = 10.11;
				MTL_ENABLE_DEBUG_INFO = NO;
				OTHER_CPLUSPLUSFLAGS = "$(OTHER_CFLAGS)";
				OTHER_LDFLAGS = (
					"-lgsl",
					"-lgslcblas",
					"-lboost_system",
				);
				SDKROOT = macosx;
			};
			name = Release;
		};
		B98249C81B17A441003B0DC6 /* Debug */ = {
			isa = XCBuildConfiguration;
			buildSettings = {
				GCC_OPTIMIZATION_LEVEL = 3;
				GCC_VERSION = "";
				HEADER_SEARCH_PATHS = (
					"$(inherited)",
					/Applications/Xcode.app/Contents/Developer/Toolchains/XcodeDefault.xctoolchain/usr/include,
				);
				LIBRARY_SEARCH_PATHS = /usr/local/lib/;
				OTHER_LDFLAGS = (
					"-lgsl",
					"-lgslcblas",
					"-lboost_system",
				);
				PRODUCT_NAME = "$(TARGET_NAME)";
			};
			name = Debug;
		};
		B98249C91B17A441003B0DC6 /* Release */ = {
			isa = XCBuildConfiguration;
			buildSettings = {
				GCC_OPTIMIZATION_LEVEL = 3;
				GCC_VERSION = "";
				HEADER_SEARCH_PATHS = (
					"$(inherited)",
					/Applications/Xcode.app/Contents/Developer/Toolchains/XcodeDefault.xctoolchain/usr/include,
				);
				LIBRARY_SEARCH_PATHS = /usr/local/lib/;
				OTHER_LDFLAGS = (
					"-lgsl",
					"-lgslcblas",
					"-lboost_system",
				);
				PRODUCT_NAME = "$(TARGET_NAME)";
			};
			name = Release;
		};
/* End XCBuildConfiguration section */

/* Begin XCConfigurationList section */
		B98249BB1B17A441003B0DC6 /* Build configuration list for PBXProject "BEC-monopoles" */ = {
			isa = XCConfigurationList;
			buildConfigurations = (
				B98249C51B17A441003B0DC6 /* Debug */,
				B98249C61B17A441003B0DC6 /* Release */,
			);
			defaultConfigurationIsVisible = 0;
			defaultConfigurationName = Release;
		};
		B98249C71B17A441003B0DC6 /* Build configuration list for PBXNativeTarget "BEC-monopoles" */ = {
			isa = XCConfigurationList;
			buildConfigurations = (
				B98249C81B17A441003B0DC6 /* Debug */,
				B98249C91B17A441003B0DC6 /* Release */,
			);
			defaultConfigurationIsVisible = 0;
			defaultConfigurationName = Release;
		};
/* End XCConfigurationList section */
	};
	rootObject = B98249B81B17A441003B0DC6 /* Project object */;
}
